// !$*UTF8*$!
{
	archiveVersion = 1;
	classes = {
	};
	objectVersion = 48;
	objects = {

/* Begin PBXBuildFile section */
		0C46C89C20722C6900F89FA7 /* libCVD_debug.a in Frameworks */ = {isa = PBXBuildFile; fileRef = 0C46C89B20722C6800F89FA7 /* libCVD_debug.a */; };
		0CB4A5FD2071FD58008E95AC /* learn_fast_tree.cpp in Sources */ = {isa = PBXBuildFile; fileRef = 0CB4A5FC2071FD58008E95AC /* learn_fast_tree.cpp */; };
		0CB4A65620722624008E95AC /* main.cpp in Sources */ = {isa = PBXBuildFile; fileRef = 0CB4A65520722624008E95AC /* main.cpp */; };
		0CB4A66320722778008E95AC /* ExtractFeature.cpp in Sources */ = {isa = PBXBuildFile; fileRef = 0CB4A66120722778008E95AC /* ExtractFeature.cpp */; };
/* End PBXBuildFile section */

/* Begin PBXCopyFilesBuildPhase section */
		0CB4A5C42071F925008E95AC /* CopyFiles */ = {
			isa = PBXCopyFilesBuildPhase;
			buildActionMask = 2147483647;
			dstPath = /usr/share/man/man1/;
			dstSubfolderSpec = 0;
			files = (
			);
			runOnlyForDeploymentPostprocessing = 1;
		};
/* End PBXCopyFilesBuildPhase section */

/* Begin PBXFileReference section */
		0C46C89A20722BA300F89FA7 /* learn_fast_tree.hpp */ = {isa = PBXFileReference; lastKnownFileType = sourcecode.cpp.h; path = learn_fast_tree.hpp; sourceTree = "<group>"; };
		0C46C89B20722C6800F89FA7 /* libCVD_debug.a */ = {isa = PBXFileReference; lastKnownFileType = archive.ar; name = libCVD_debug.a; path = FAST/libCVD_debug.a; sourceTree = "<group>"; };
		0CB4A5C62071F925008E95AC /* FAST */ = {isa = PBXFileReference; explicitFileType = "compiled.mach-o.executable"; includeInIndex = 0; path = FAST; sourceTree = BUILT_PRODUCTS_DIR; };
		0CB4A5FC2071FD58008E95AC /* learn_fast_tree.cpp */ = {isa = PBXFileReference; fileEncoding = 4; lastKnownFileType = sourcecode.cpp.cpp; path = learn_fast_tree.cpp; sourceTree = "<group>"; };
		0CB4A5FE2071FD79008E95AC /* varprintf.h */ = {isa = PBXFileReference; lastKnownFileType = sourcecode.c.h; path = varprintf.h; sourceTree = "<group>"; };
		0CB4A65520722624008E95AC /* main.cpp */ = {isa = PBXFileReference; lastKnownFileType = sourcecode.cpp.cpp; path = main.cpp; sourceTree = "<group>"; };
		0CB4A66120722778008E95AC /* ExtractFeature.cpp */ = {isa = PBXFileReference; lastKnownFileType = sourcecode.cpp.cpp; path = ExtractFeature.cpp; sourceTree = "<group>"; };
		0CB4A66220722778008E95AC /* ExtractFeature.hpp */ = {isa = PBXFileReference; lastKnownFileType = sourcecode.cpp.h; path = ExtractFeature.hpp; sourceTree = "<group>"; };
		0CEFA5E02073449900313BCB /* Types.h */ = {isa = PBXFileReference; lastKnownFileType = sourcecode.c.h; path = Types.h; sourceTree = "<group>"; };
/* End PBXFileReference section */

/* Begin PBXFrameworksBuildPhase section */
		0CB4A5C32071F925008E95AC /* Frameworks */ = {
			isa = PBXFrameworksBuildPhase;
			buildActionMask = 2147483647;
			files = (
				0C46C89C20722C6900F89FA7 /* libCVD_debug.a in Frameworks */,
			);
			runOnlyForDeploymentPostprocessing = 0;
		};
/* End PBXFrameworksBuildPhase section */

/* Begin PBXGroup section */
		0CB4A5BD2071F925008E95AC = {
			isa = PBXGroup;
			children = (
				0CB4A5C82071F925008E95AC /* FAST */,
				0CB4A5C72071F925008E95AC /* Products */,
				0CB4A66420722B20008E95AC /* Frameworks */,
			);
			sourceTree = "<group>";
		};
		0CB4A5C72071F925008E95AC /* Products */ = {
			isa = PBXGroup;
			children = (
				0CB4A5C62071F925008E95AC /* FAST */,
			);
			name = Products;
			sourceTree = "<group>";
		};
		0CB4A5C82071F925008E95AC /* FAST */ = {
			isa = PBXGroup;
			children = (
				0CB4A6572072270A008E95AC /* Utility */,
				0CEFA5E02073449900313BCB /* Types.h */,
				0C46C89A20722BA300F89FA7 /* learn_fast_tree.hpp */,
				0CB4A5FC2071FD58008E95AC /* learn_fast_tree.cpp */,
				0CB4A66220722778008E95AC /* ExtractFeature.hpp */,
				0CB4A66120722778008E95AC /* ExtractFeature.cpp */,
				0CB4A65520722624008E95AC /* main.cpp */,
			);
			path = FAST;
			sourceTree = "<group>";
		};
		0CB4A6572072270A008E95AC /* Utility */ = {
			isa = PBXGroup;
			children = (
				0CB4A5FE2071FD79008E95AC /* varprintf.h */,
			);
			path = Utility;
			sourceTree = "<group>";
		};
		0CB4A66420722B20008E95AC /* Frameworks */ = {
			isa = PBXGroup;
			children = (
				0C46C89B20722C6800F89FA7 /* libCVD_debug.a */,
			);
			name = Frameworks;
			sourceTree = "<group>";
		};
/* End PBXGroup section */

/* Begin PBXNativeTarget section */
		0CB4A5C52071F925008E95AC /* FAST */ = {
			isa = PBXNativeTarget;
			buildConfigurationList = 0CB4A5CD2071F925008E95AC /* Build configuration list for PBXNativeTarget "FAST" */;
			buildPhases = (
				0CB4A5C22071F925008E95AC /* Sources */,
				0CB4A5C32071F925008E95AC /* Frameworks */,
				0CB4A5C42071F925008E95AC /* CopyFiles */,
			);
			buildRules = (
			);
			dependencies = (
			);
			name = FAST;
			productName = FAST;
			productReference = 0CB4A5C62071F925008E95AC /* FAST */;
			productType = "com.apple.product-type.tool";
		};
/* End PBXNativeTarget section */

/* Begin PBXProject section */
		0CB4A5BE2071F925008E95AC /* Project object */ = {
			isa = PBXProject;
			attributes = {
				LastUpgradeCheck = 0910;
				ORGANIZATIONNAME = Mamunul;
				TargetAttributes = {
					0CB4A5C52071F925008E95AC = {
						CreatedOnToolsVersion = 9.1;
						ProvisioningStyle = Automatic;
					};
				};
			};
			buildConfigurationList = 0CB4A5C12071F925008E95AC /* Build configuration list for PBXProject "FAST" */;
			compatibilityVersion = "Xcode 8.0";
			developmentRegion = en;
			hasScannedForEncodings = 0;
			knownRegions = (
				en,
			);
			mainGroup = 0CB4A5BD2071F925008E95AC;
			productRefGroup = 0CB4A5C72071F925008E95AC /* Products */;
			projectDirPath = "";
			projectRoot = "";
			targets = (
				0CB4A5C52071F925008E95AC /* FAST */,
			);
		};
/* End PBXProject section */

/* Begin PBXSourcesBuildPhase section */
		0CB4A5C22071F925008E95AC /* Sources */ = {
			isa = PBXSourcesBuildPhase;
			buildActionMask = 2147483647;
			files = (
				0CB4A65620722624008E95AC /* main.cpp in Sources */,
				0CB4A66320722778008E95AC /* ExtractFeature.cpp in Sources */,
				0CB4A5FD2071FD58008E95AC /* learn_fast_tree.cpp in Sources */,
			);
			runOnlyForDeploymentPostprocessing = 0;
		};
/* End PBXSourcesBuildPhase section */

/* Begin XCBuildConfiguration section */
		0CB4A5CB2071F925008E95AC /* Debug */ = {
			isa = XCBuildConfiguration;
			buildSettings = {
				ALWAYS_SEARCH_USER_PATHS = NO;
				CLANG_ANALYZER_NONNULL = YES;
				CLANG_ANALYZER_NUMBER_OBJECT_CONVERSION = YES_AGGRESSIVE;
				CLANG_CXX_LANGUAGE_STANDARD = "gnu++14";
				CLANG_CXX_LIBRARY = "libc++";
				CLANG_ENABLE_MODULES = YES;
				CLANG_ENABLE_OBJC_ARC = YES;
				CLANG_WARN_BLOCK_CAPTURE_AUTORELEASING = YES;
				CLANG_WARN_BOOL_CONVERSION = YES;
				CLANG_WARN_COMMA = YES;
				CLANG_WARN_CONSTANT_CONVERSION = YES;
				CLANG_WARN_DIRECT_OBJC_ISA_USAGE = YES_ERROR;
				CLANG_WARN_DOCUMENTATION_COMMENTS = YES;
				CLANG_WARN_EMPTY_BODY = YES;
				CLANG_WARN_ENUM_CONVERSION = YES;
				CLANG_WARN_INFINITE_RECURSION = YES;
				CLANG_WARN_INT_CONVERSION = YES;
				CLANG_WARN_NON_LITERAL_NULL_CONVERSION = YES;
				CLANG_WARN_OBJC_LITERAL_CONVERSION = YES;
				CLANG_WARN_OBJC_ROOT_CLASS = YES_ERROR;
				CLANG_WARN_RANGE_LOOP_ANALYSIS = YES;
				CLANG_WARN_STRICT_PROTOTYPES = YES;
				CLANG_WARN_SUSPICIOUS_MOVE = YES;
				CLANG_WARN_UNGUARDED_AVAILABILITY = YES_AGGRESSIVE;
				CLANG_WARN_UNREACHABLE_CODE = YES;
				CLANG_WARN__DUPLICATE_METHOD_MATCH = YES;
				CODE_SIGN_IDENTITY = "-";
				COPY_PHASE_STRIP = NO;
				DEBUG_INFORMATION_FORMAT = dwarf;
				ENABLE_STRICT_OBJC_MSGSEND = YES;
				ENABLE_TESTABILITY = YES;
				GCC_C_LANGUAGE_STANDARD = gnu11;
				GCC_DYNAMIC_NO_PIC = NO;
				GCC_NO_COMMON_BLOCKS = YES;
				GCC_OPTIMIZATION_LEVEL = 0;
				GCC_PREPROCESSOR_DEFINITIONS = (
					"DEBUG=1",
					"$(inherited)",
				);
				GCC_WARN_64_TO_32_BIT_CONVERSION = YES;
				GCC_WARN_ABOUT_RETURN_TYPE = YES_ERROR;
				GCC_WARN_UNDECLARED_SELECTOR = YES;
				GCC_WARN_UNINITIALIZED_AUTOS = YES_AGGRESSIVE;
				GCC_WARN_UNUSED_FUNCTION = YES;
				GCC_WARN_UNUSED_VARIABLE = YES;
				MACOSX_DEPLOYMENT_TARGET = 10.12;
				MTL_ENABLE_DEBUG_INFO = YES;
				ONLY_ACTIVE_ARCH = YES;
				SDKROOT = macosx;
			};
			name = Debug;
		};
		0CB4A5CC2071F925008E95AC /* Release */ = {
			isa = XCBuildConfiguration;
			buildSettings = {
				ALWAYS_SEARCH_USER_PATHS = NO;
				CLANG_ANALYZER_NONNULL = YES;
				CLANG_ANALYZER_NUMBER_OBJECT_CONVERSION = YES_AGGRESSIVE;
				CLANG_CXX_LANGUAGE_STANDARD = "gnu++14";
				CLANG_CXX_LIBRARY = "libc++";
				CLANG_ENABLE_MODULES = YES;
				CLANG_ENABLE_OBJC_ARC = YES;
				CLANG_WARN_BLOCK_CAPTURE_AUTORELEASING = YES;
				CLANG_WARN_BOOL_CONVERSION = YES;
				CLANG_WARN_COMMA = YES;
				CLANG_WARN_CONSTANT_CONVERSION = YES;
				CLANG_WARN_DIRECT_OBJC_ISA_USAGE = YES_ERROR;
				CLANG_WARN_DOCUMENTATION_COMMENTS = YES;
				CLANG_WARN_EMPTY_BODY = YES;
				CLANG_WARN_ENUM_CONVERSION = YES;
				CLANG_WARN_INFINITE_RECURSION = YES;
				CLANG_WARN_INT_CONVERSION = YES;
				CLANG_WARN_NON_LITERAL_NULL_CONVERSION = YES;
				CLANG_WARN_OBJC_LITERAL_CONVERSION = YES;
				CLANG_WARN_OBJC_ROOT_CLASS = YES_ERROR;
				CLANG_WARN_RANGE_LOOP_ANALYSIS = YES;
				CLANG_WARN_STRICT_PROTOTYPES = YES;
				CLANG_WARN_SUSPICIOUS_MOVE = YES;
				CLANG_WARN_UNGUARDED_AVAILABILITY = YES_AGGRESSIVE;
				CLANG_WARN_UNREACHABLE_CODE = YES;
				CLANG_WARN__DUPLICATE_METHOD_MATCH = YES;
				CODE_SIGN_IDENTITY = "-";
				COPY_PHASE_STRIP = NO;
				DEBUG_INFORMATION_FORMAT = "dwarf-with-dsym";
				ENABLE_NS_ASSERTIONS = NO;
				ENABLE_STRICT_OBJC_MSGSEND = YES;
				GCC_C_LANGUAGE_STANDARD = gnu11;
				GCC_NO_COMMON_BLOCKS = YES;
				GCC_WARN_64_TO_32_BIT_CONVERSION = YES;
				GCC_WARN_ABOUT_RETURN_TYPE = YES_ERROR;
				GCC_WARN_UNDECLARED_SELECTOR = YES;
				GCC_WARN_UNINITIALIZED_AUTOS = YES_AGGRESSIVE;
				GCC_WARN_UNUSED_FUNCTION = YES;
				GCC_WARN_UNUSED_VARIABLE = YES;
				MACOSX_DEPLOYMENT_TARGET = 10.12;
				MTL_ENABLE_DEBUG_INFO = NO;
				SDKROOT = macosx;
			};
			name = Release;
		};
		0CB4A5CE2071F925008E95AC /* Debug */ = {
			isa = XCBuildConfiguration;
			buildSettings = {
				CODE_SIGN_IDENTITY = "Mac Developer";
				CODE_SIGN_STYLE = Automatic;
				DEVELOPMENT_TEAM = 9GAPXPF2Z5;
				HEADER_SEARCH_PATHS = "/Users/mamunul/Downloads/FAST/libcvd-master";
				LIBRARY_SEARCH_PATHS = (
					"$(inherited)",
					"$(PROJECT_DIR)/FAST",
				);
				PRODUCT_NAME = "$(TARGET_NAME)";
				PROVISIONING_PROFILE_SPECIFIER = "";
			};
			name = Debug;
		};
		0CB4A5CF2071F925008E95AC /* Release */ = {
			isa = XCBuildConfiguration;
			buildSettings = {
				CODE_SIGN_IDENTITY = "Mac Developer";
				CODE_SIGN_STYLE = Automatic;
				DEVELOPMENT_TEAM = 9GAPXPF2Z5;
				HEADER_SEARCH_PATHS = "/Users/mamunul/Downloads/FAST/libcvd-master";
				LIBRARY_SEARCH_PATHS = (
					"$(inherited)",
					"$(PROJECT_DIR)/FAST",
				);
				PRODUCT_NAME = "$(TARGET_NAME)";
				PROVISIONING_PROFILE_SPECIFIER = "";
			};
			name = Release;
		};
/* End XCBuildConfiguration section */

/* Begin XCConfigurationList section */
		0CB4A5C12071F925008E95AC /* Build configuration list for PBXProject "FAST" */ = {
			isa = XCConfigurationList;
			buildConfigurations = (
				0CB4A5CB2071F925008E95AC /* Debug */,
				0CB4A5CC2071F925008E95AC /* Release */,
			);
			defaultConfigurationIsVisible = 0;
			defaultConfigurationName = Release;
		};
		0CB4A5CD2071F925008E95AC /* Build configuration list for PBXNativeTarget "FAST" */ = {
			isa = XCConfigurationList;
			buildConfigurations = (
				0CB4A5CE2071F925008E95AC /* Debug */,
				0CB4A5CF2071F925008E95AC /* Release */,
			);
			defaultConfigurationIsVisible = 0;
			defaultConfigurationName = Release;
		};
/* End XCConfigurationList section */
	};
	rootObject = 0CB4A5BE2071F925008E95AC /* Project object */;
}
